
Microsoft Visual Studio Solution File, Format Version 12.00
# Visual Studio 15
VisualStudioVersion = 15.0.26430.6
MinimumVisualStudioVersion = 10.0.40219.1
Project("{F2A71F9B-5D33-465A-A702-920D77279786}") = "Incrementer.Tests", "Incrementer.Tests\Incrementer.Tests.fsproj", "{45B80E88-F29B-457E-9E40-8F42424A81E8}"
EndProject
Project("{F2A71F9B-5D33-465A-A702-920D77279786}") = "Incrementer", "Incrementer\Incrementer.fsproj", "{EBB05EED-6FFD-4E31-8B6E-C94468705BC3}"
EndProject
Global
	GlobalSection(SolutionConfigurationPlatforms) = preSolution
		Debug|Any CPU = Debug|Any CPU
		Release|Any CPU = Release|Any CPU
	EndGlobalSection
	GlobalSection(ProjectConfigurationPlatforms) = postSolution
		{45B80E88-F29B-457E-9E40-8F42424A81E8}.Debug|Any CPU.ActiveCfg = Debug|Any CPU
		{45B80E88-F29B-457E-9E40-8F42424A81E8}.Debug|Any CPU.Build.0 = Debug|Any CPU
		{45B80E88-F29B-457E-9E40-8F42424A81E8}.Release|Any CPU.ActiveCfg = Release|Any CPU
		{45B80E88-F29B-457E-9E40-8F42424A81E8}.Release|Any CPU.Build.0 = Release|Any CPU
		{EBB05EED-6FFD-4E31-8B6E-C94468705BC3}.Debug|Any CPU.ActiveCfg = Debug|Any CPU
		{EBB05EED-6FFD-4E31-8B6E-C94468705BC3}.Debug|Any CPU.Build.0 = Debug|Any CPU
		{EBB05EED-6FFD-4E31-8B6E-C94468705BC3}.Release|Any CPU.ActiveCfg = Release|Any CPU
		{EBB05EED-6FFD-4E31-8B6E-C94468705BC3}.Release|Any CPU.Build.0 = Release|Any CPU
	EndGlobalSection
	GlobalSection(SolutionProperties) = preSolution
		HideSolutionNode = FALSE
	EndGlobalSection
EndGlobal
